
Microsoft Visual Studio Solution File, Format Version 12.00
# Visual Studio Version 17
VisualStudioVersion = 17.6.33815.320
MinimumVisualStudioVersion = 10.0.40219.1
Project("{9A19103F-16F7-4668-BE54-9A1E7A4F7556}") = "API", "API\API.csproj", "{5E0124A6-D385-4CFA-85C9-BF8FC6B22C6F}"
EndProject
Project("{FAE04EC0-301F-11D3-BF4B-00C04F79EFBC}") = "Client", "Client\Client\Client.csproj", "{B8EE5A4C-9146-4350-9B8C-E1C1D7319B92}"
EndProject
Global
	GlobalSection(SolutionConfigurationPlatforms) = preSolution
		Debug|Any CPU = Debug|Any CPU
		Release|Any CPU = Release|Any CPU
	EndGlobalSection
	GlobalSection(ProjectConfigurationPlatforms) = postSolution
		{5E0124A6-D385-4CFA-85C9-BF8FC6B22C6F}.Debug|Any CPU.ActiveCfg = Debug|Any CPU
		{5E0124A6-D385-4CFA-85C9-BF8FC6B22C6F}.Debug|Any CPU.Build.0 = Debug|Any CPU
		{5E0124A6-D385-4CFA-85C9-BF8FC6B22C6F}.Release|Any CPU.ActiveCfg = Release|Any CPU
		{5E0124A6-D385-4CFA-85C9-BF8FC6B22C6F}.Release|Any CPU.Build.0 = Release|Any CPU
		{B8EE5A4C-9146-4350-9B8C-E1C1D7319B92}.Debug|Any CPU.ActiveCfg = Debug|Any CPU
		{B8EE5A4C-9146-4350-9B8C-E1C1D7319B92}.Debug|Any CPU.Build.0 = Debug|Any CPU
		{B8EE5A4C-9146-4350-9B8C-E1C1D7319B92}.Release|Any CPU.ActiveCfg = Release|Any CPU
		{B8EE5A4C-9146-4350-9B8C-E1C1D7319B92}.Release|Any CPU.Build.0 = Release|Any CPU
	EndGlobalSection
	GlobalSection(SolutionProperties) = preSolution
		HideSolutionNode = FALSE
	EndGlobalSection
	GlobalSection(ExtensibilityGlobals) = postSolution
		SolutionGuid = {2408E23C-6869-4E26-8A59-84A2E3D016C3}
	EndGlobalSection
EndGlobal
